
Microsoft Visual Studio Solution File, Format Version 12.00
# Visual Studio Version 16
VisualStudioVersion = 16.0.31402.337
MinimumVisualStudioVersion = 10.0.40219.1
Project("{FAE04EC0-301F-11D3-BF4B-00C04F79EFBC}") = "Task1", "Task1\Task1.csproj", "{0F454680-7FAB-4344-B361-798C0632E07C}"
EndProject
Global
	GlobalSection(SolutionConfigurationPlatforms) = preSolution
		Debug|Any CPU = Debug|Any CPU
		Release|Any CPU = Release|Any CPU
	EndGlobalSection
	GlobalSection(ProjectConfigurationPlatforms) = postSolution
		{0F454680-7FAB-4344-B361-798C0632E07C}.Debug|Any CPU.ActiveCfg = Debug|Any CPU
		{0F454680-7FAB-4344-B361-798C0632E07C}.Debug|Any CPU.Build.0 = Debug|Any CPU
		{0F454680-7FAB-4344-B361-798C0632E07C}.Release|Any CPU.ActiveCfg = Release|Any CPU
		{0F454680-7FAB-4344-B361-798C0632E07C}.Release|Any CPU.Build.0 = Release|Any CPU
	EndGlobalSection
	GlobalSection(SolutionProperties) = preSolution
		HideSolutionNode = FALSE
	EndGlobalSection
	GlobalSection(ExtensibilityGlobals) = postSolution
		SolutionGuid = {18CBAB6E-EFB3-4B1E-B34C-D4096A69EB1B}
	EndGlobalSection
EndGlobal
